
Microsoft Visual Studio Solution File, Format Version 12.00
# Visual Studio Version 17
VisualStudioVersion = 17.8.34330.188
MinimumVisualStudioVersion = 10.0.40219.1
Project("{FAE04EC0-301F-11D3-BF4B-00C04F79EFBC}") = "Rss", "Rss.csproj", "{6B35CEB2-58EA-4BF9-9C17-438A5191FF5A}"
EndProject
Global
	GlobalSection(SolutionConfigurationPlatforms) = preSolution
		Debug|Any CPU = Debug|Any CPU
		Release|Any CPU = Release|Any CPU
	EndGlobalSection
	GlobalSection(ProjectConfigurationPlatforms) = postSolution
		{6B35CEB2-58EA-4BF9-9C17-438A5191FF5A}.Debug|Any CPU.ActiveCfg = Debug|Any CPU
		{6B35CEB2-58EA-4BF9-9C17-438A5191FF5A}.Debug|Any CPU.Build.0 = Debug|Any CPU
		{6B35CEB2-58EA-4BF9-9C17-438A5191FF5A}.Release|Any CPU.ActiveCfg = Release|Any CPU
		{6B35CEB2-58EA-4BF9-9C17-438A5191FF5A}.Release|Any CPU.Build.0 = Release|Any CPU
	EndGlobalSection
	GlobalSection(SolutionProperties) = preSolution
		HideSolutionNode = FALSE
	EndGlobalSection
	GlobalSection(ExtensibilityGlobals) = postSolution
		SolutionGuid = {90F8FDD5-6062-4AA9-8321-B844C1A46DA2}
	EndGlobalSection
EndGlobal
